dependencies:
  espressif/mqtt:
    component_hash: ffdad5659706b4dc14bc63f8eb73ef765efa015bf7e9adf71c813d52a2dc9342
    dependencies:
    - name: idf
      require: private
      version: '>=5.3'
    source:
      registry_url: https://components.espressif.com/
      type: service
    version: 1.0.0
  idf:
    source:
      type: idf
    version: 6.1.0
direct_dependencies:
- espressif/mqtt
- idf
manifest_hash: d11c86bf1e65d8286be5092ea284c0f288cf083564f6cbe51df18abb3bc2cf71
target: esp32c6
version: 2.0.0
